
Microsoft Visual Studio Solution File, Format Version 12.00
# Visual Studio Version 17
VisualStudioVersion = 17.0.31612.314
MinimumVisualStudioVersion = 10.0.40219.1
Project("{FAE04EC0-301F-11D3-BF4B-00C04F79EFBC}") = "GuiaEjercicios", "GuiaEjercicios\GuiaEjercicios.csproj", "{D41E8904-3F29-41E3-A0C0-7FDE13DDCE8C}"
EndProject
Global
	GlobalSection(SolutionConfigurationPlatforms) = preSolution
		Debug|Any CPU = Debug|Any CPU
		Release|Any CPU = Release|Any CPU
	EndGlobalSection
	GlobalSection(ProjectConfigurationPlatforms) = postSolution
		{D41E8904-3F29-41E3-A0C0-7FDE13DDCE8C}.Debug|Any CPU.ActiveCfg = Debug|Any CPU
		{D41E8904-3F29-41E3-A0C0-7FDE13DDCE8C}.Debug|Any CPU.Build.0 = Debug|Any CPU
		{D41E8904-3F29-41E3-A0C0-7FDE13DDCE8C}.Release|Any CPU.ActiveCfg = Release|Any CPU
		{D41E8904-3F29-41E3-A0C0-7FDE13DDCE8C}.Release|Any CPU.Build.0 = Release|Any CPU
	EndGlobalSection
	GlobalSection(SolutionProperties) = preSolution
		HideSolutionNode = FALSE
	EndGlobalSection
	GlobalSection(ExtensibilityGlobals) = postSolution
		SolutionGuid = {A43D706A-7E5F-4B6C-9836-3EA5251C8D77}
	EndGlobalSection
EndGlobal
